
Microsoft Visual Studio Solution File, Format Version 12.00
# Visual Studio Version 17
VisualStudioVersion = 17.2.32602.215
MinimumVisualStudioVersion = 10.0.40219.1
Project("{FAE04EC0-301F-11D3-BF4B-00C04F79EFBC}") = "PCCA", "PCCA\PCCA.csproj", "{024C4811-05ED-4FED-B27C-0ADDE2AC728D}"
EndProject
Global
	GlobalSection(SolutionConfigurationPlatforms) = preSolution
		Debug|Any CPU = Debug|Any CPU
		Release|Any CPU = Release|Any CPU
	EndGlobalSection
	GlobalSection(ProjectConfigurationPlatforms) = postSolution
		{024C4811-05ED-4FED-B27C-0ADDE2AC728D}.Debug|Any CPU.ActiveCfg = Debug|Any CPU
		{024C4811-05ED-4FED-B27C-0ADDE2AC728D}.Debug|Any CPU.Build.0 = Debug|Any CPU
		{024C4811-05ED-4FED-B27C-0ADDE2AC728D}.Release|Any CPU.ActiveCfg = Release|Any CPU
		{024C4811-05ED-4FED-B27C-0ADDE2AC728D}.Release|Any CPU.Build.0 = Release|Any CPU
	EndGlobalSection
	GlobalSection(SolutionProperties) = preSolution
		HideSolutionNode = FALSE
	EndGlobalSection
	GlobalSection(ExtensibilityGlobals) = postSolution
		SolutionGuid = {89BC7F7C-776D-41D8-8C81-90F29261C983}
	EndGlobalSection
EndGlobal
